
Microsoft Visual Studio Solution File, Format Version 12.00
# Visual Studio Version 17
VisualStudioVersion = 17.4.33213.308
MinimumVisualStudioVersion = 10.0.40219.1
Project("{FAE04EC0-301F-11D3-BF4B-00C04F79EFBC}") = "VentanasProyectoFaltas", "VentanasProyectoFaltas\VentanasProyectoFaltas.csproj", "{2B4D83AA-EC5D-441A-93A8-61D70C567AC8}"
EndProject
Global
	GlobalSection(SolutionConfigurationPlatforms) = preSolution
		Debug|Any CPU = Debug|Any CPU
		Release|Any CPU = Release|Any CPU
	EndGlobalSection
	GlobalSection(ProjectConfigurationPlatforms) = postSolution
		{2B4D83AA-EC5D-441A-93A8-61D70C567AC8}.Debug|Any CPU.ActiveCfg = Debug|Any CPU
		{2B4D83AA-EC5D-441A-93A8-61D70C567AC8}.Debug|Any CPU.Build.0 = Debug|Any CPU
		{2B4D83AA-EC5D-441A-93A8-61D70C567AC8}.Release|Any CPU.ActiveCfg = Release|Any CPU
		{2B4D83AA-EC5D-441A-93A8-61D70C567AC8}.Release|Any CPU.Build.0 = Release|Any CPU
	EndGlobalSection
	GlobalSection(SolutionProperties) = preSolution
		HideSolutionNode = FALSE
	EndGlobalSection
	GlobalSection(ExtensibilityGlobals) = postSolution
		SolutionGuid = {F5FB9CE5-CFE4-4345-8399-CAFE3F932845}
	EndGlobalSection
EndGlobal
